// !$*UTF8*$!
{
	archiveVersion = 1;
	classes = {
	};
	objectVersion = 56;
	objects = {

/* Begin PBXBuildFile section */
		744EEC242A071360009BEF5F /* SwiftUIALApp.swift in Sources */ = {isa = PBXBuildFile; fileRef = 744EEC232A071360009BEF5F /* SwiftUIALApp.swift */; };
		744EEC262A071360009BEF5F /* ContentView.swift in Sources */ = {isa = PBXBuildFile; fileRef = 744EEC252A071360009BEF5F /* ContentView.swift */; };
		744EEC282A071362009BEF5F /* Assets.xcassets in Resources */ = {isa = PBXBuildFile; fileRef = 744EEC272A071362009BEF5F /* Assets.xcassets */; };
		744EEC2B2A071362009BEF5F /* Preview Assets.xcassets in Resources */ = {isa = PBXBuildFile; fileRef = 744EEC2A2A071362009BEF5F /* Preview Assets.xcassets */; };
		744EEC322A071563009BEF5F /* ViewModifierBootcamp.swift in Sources */ = {isa = PBXBuildFile; fileRef = 744EEC312A071563009BEF5F /* ViewModifierBootcamp.swift */; };
		744EEC342A071AC3009BEF5F /* ButtonStyleBootcamp.swift in Sources */ = {isa = PBXBuildFile; fileRef = 744EEC332A071AC3009BEF5F /* ButtonStyleBootcamp.swift */; };
		744EEC362A084CD9009BEF5F /* AnyTransitionBootcamp.swift in Sources */ = {isa = PBXBuildFile; fileRef = 744EEC352A084CD9009BEF5F /* AnyTransitionBootcamp.swift */; };
		744EEC382A09342E009BEF5F /* MatchedGeometryEffectBootcamp.swift in Sources */ = {isa = PBXBuildFile; fileRef = 744EEC372A09342E009BEF5F /* MatchedGeometryEffectBootcamp.swift */; };
		744EEC3A2A09415E009BEF5F /* CustomShapesBootcamp.swift in Sources */ = {isa = PBXBuildFile; fileRef = 744EEC392A09415E009BEF5F /* CustomShapesBootcamp.swift */; };
		744EEC3C2A094BA4009BEF5F /* CustomCurvesBootcamp.swift in Sources */ = {isa = PBXBuildFile; fileRef = 744EEC3B2A094BA4009BEF5F /* CustomCurvesBootcamp.swift */; };
		744EEC3E2A09667F009BEF5F /* AnimateableDataBootcamp.swift in Sources */ = {isa = PBXBuildFile; fileRef = 744EEC3D2A09667F009BEF5F /* AnimateableDataBootcamp.swift */; };
		744EEC602A0AA4A2009BEF5F /* GenericsBootcamp.swift in Sources */ = {isa = PBXBuildFile; fileRef = 744EEC5F2A0AA4A2009BEF5F /* GenericsBootcamp.swift */; };
		745110862A0AC8C1004626AD /* ViewBuilderBootcamp.swift in Sources */ = {isa = PBXBuildFile; fileRef = 745110852A0AC8C1004626AD /* ViewBuilderBootcamp.swift */; };
		745110882A0B01B0004626AD /* PreferenceKeyBootcamp.swift in Sources */ = {isa = PBXBuildFile; fileRef = 745110872A0B01B0004626AD /* PreferenceKeyBootcamp.swift */; };
		7451108B2A0B05C5004626AD /* GeometryPreferenceKeyBootcamp.swift in Sources */ = {isa = PBXBuildFile; fileRef = 7451108A2A0B05C5004626AD /* GeometryPreferenceKeyBootcamp.swift */; };
/* End PBXBuildFile section */

/* Begin PBXFileReference section */
		744EEC202A071360009BEF5F /* SwiftUIAL.app */ = {isa = PBXFileReference; explicitFileType = wrapper.application; includeInIndex = 0; path = SwiftUIAL.app; sourceTree = BUILT_PRODUCTS_DIR; };
		744EEC232A071360009BEF5F /* SwiftUIALApp.swift */ = {isa = PBXFileReference; lastKnownFileType = sourcecode.swift; path = SwiftUIALApp.swift; sourceTree = "<group>"; };
		744EEC252A071360009BEF5F /* ContentView.swift */ = {isa = PBXFileReference; lastKnownFileType = sourcecode.swift; path = ContentView.swift; sourceTree = "<group>"; };
		744EEC272A071362009BEF5F /* Assets.xcassets */ = {isa = PBXFileReference; lastKnownFileType = folder.assetcatalog; path = Assets.xcassets; sourceTree = "<group>"; };
		744EEC2A2A071362009BEF5F /* Preview Assets.xcassets */ = {isa = PBXFileReference; lastKnownFileType = folder.assetcatalog; path = "Preview Assets.xcassets"; sourceTree = "<group>"; };
		744EEC312A071563009BEF5F /* ViewModifierBootcamp.swift */ = {isa = PBXFileReference; lastKnownFileType = sourcecode.swift; path = ViewModifierBootcamp.swift; sourceTree = "<group>"; };
		744EEC332A071AC3009BEF5F /* ButtonStyleBootcamp.swift */ = {isa = PBXFileReference; lastKnownFileType = sourcecode.swift; path = ButtonStyleBootcamp.swift; sourceTree = "<group>"; };
		744EEC352A084CD9009BEF5F /* AnyTransitionBootcamp.swift */ = {isa = PBXFileReference; lastKnownFileType = sourcecode.swift; path = AnyTransitionBootcamp.swift; sourceTree = "<group>"; };
		744EEC372A09342E009BEF5F /* MatchedGeometryEffectBootcamp.swift */ = {isa = PBXFileReference; lastKnownFileType = sourcecode.swift; path = MatchedGeometryEffectBootcamp.swift; sourceTree = "<group>"; };
		744EEC392A09415E009BEF5F /* CustomShapesBootcamp.swift */ = {isa = PBXFileReference; lastKnownFileType = sourcecode.swift; path = CustomShapesBootcamp.swift; sourceTree = "<group>"; };
		744EEC3B2A094BA4009BEF5F /* CustomCurvesBootcamp.swift */ = {isa = PBXFileReference; lastKnownFileType = sourcecode.swift; path = CustomCurvesBootcamp.swift; sourceTree = "<group>"; };
		744EEC3D2A09667F009BEF5F /* AnimateableDataBootcamp.swift */ = {isa = PBXFileReference; lastKnownFileType = sourcecode.swift; path = AnimateableDataBootcamp.swift; sourceTree = "<group>"; };
		744EEC5F2A0AA4A2009BEF5F /* GenericsBootcamp.swift */ = {isa = PBXFileReference; lastKnownFileType = sourcecode.swift; path = GenericsBootcamp.swift; sourceTree = "<group>"; };
		745110852A0AC8C1004626AD /* ViewBuilderBootcamp.swift */ = {isa = PBXFileReference; lastKnownFileType = sourcecode.swift; path = ViewBuilderBootcamp.swift; sourceTree = "<group>"; };
		745110872A0B01B0004626AD /* PreferenceKeyBootcamp.swift */ = {isa = PBXFileReference; lastKnownFileType = sourcecode.swift; path = PreferenceKeyBootcamp.swift; sourceTree = "<group>"; };
		7451108A2A0B05C5004626AD /* GeometryPreferenceKeyBootcamp.swift */ = {isa = PBXFileReference; lastKnownFileType = sourcecode.swift; path = GeometryPreferenceKeyBootcamp.swift; sourceTree = "<group>"; };
/* End PBXFileReference section */

/* Begin PBXFrameworksBuildPhase section */
		744EEC1D2A071360009BEF5F /* Frameworks */ = {
			isa = PBXFrameworksBuildPhase;
			buildActionMask = 2147483647;
			files = (
			);
			runOnlyForDeploymentPostprocessing = 0;
		};
/* End PBXFrameworksBuildPhase section */

/* Begin PBXGroup section */
		744EEC172A071360009BEF5F = {
			isa = PBXGroup;
			children = (
				744EEC222A071360009BEF5F /* SwiftUIAL */,
				744EEC212A071360009BEF5F /* Products */,
			);
			sourceTree = "<group>";
		};
		744EEC212A071360009BEF5F /* Products */ = {
			isa = PBXGroup;
			children = (
				744EEC202A071360009BEF5F /* SwiftUIAL.app */,
			);
			name = Products;
			sourceTree = "<group>";
		};
		744EEC222A071360009BEF5F /* SwiftUIAL */ = {
			isa = PBXGroup;
			children = (
				744EEC232A071360009BEF5F /* SwiftUIALApp.swift */,
				744EEC252A071360009BEF5F /* ContentView.swift */,
				744EEC312A071563009BEF5F /* ViewModifierBootcamp.swift */,
				744EEC332A071AC3009BEF5F /* ButtonStyleBootcamp.swift */,
				744EEC352A084CD9009BEF5F /* AnyTransitionBootcamp.swift */,
				744EEC372A09342E009BEF5F /* MatchedGeometryEffectBootcamp.swift */,
				744EEC392A09415E009BEF5F /* CustomShapesBootcamp.swift */,
				744EEC3B2A094BA4009BEF5F /* CustomCurvesBootcamp.swift */,
				744EEC3D2A09667F009BEF5F /* AnimateableDataBootcamp.swift */,
				744EEC5F2A0AA4A2009BEF5F /* GenericsBootcamp.swift */,
				745110852A0AC8C1004626AD /* ViewBuilderBootcamp.swift */,
				745110892A0B05A4004626AD /* PreferenceKeyBootcamp */,
				744EEC272A071362009BEF5F /* Assets.xcassets */,
				744EEC292A071362009BEF5F /* Preview Content */,
			);
			path = SwiftUIAL;
			sourceTree = "<group>";
		};
		744EEC292A071362009BEF5F /* Preview Content */ = {
			isa = PBXGroup;
			children = (
				744EEC2A2A071362009BEF5F /* Preview Assets.xcassets */,
			);
			path = "Preview Content";
			sourceTree = "<group>";
		};
		745110892A0B05A4004626AD /* PreferenceKeyBootcamp */ = {
			isa = PBXGroup;
			children = (
				745110872A0B01B0004626AD /* PreferenceKeyBootcamp.swift */,
				7451108A2A0B05C5004626AD /* GeometryPreferenceKeyBootcamp.swift */,
			);
			path = PreferenceKeyBootcamp;
			sourceTree = "<group>";
		};
/* End PBXGroup section */

/* Begin PBXNativeTarget section */
		744EEC1F2A071360009BEF5F /* SwiftUIAL */ = {
			isa = PBXNativeTarget;
			buildConfigurationList = 744EEC2E2A071362009BEF5F /* Build configuration list for PBXNativeTarget "SwiftUIAL" */;
			buildPhases = (
				744EEC1C2A071360009BEF5F /* Sources */,
				744EEC1D2A071360009BEF5F /* Frameworks */,
				744EEC1E2A071360009BEF5F /* Resources */,
			);
			buildRules = (
			);
			dependencies = (
			);
			name = SwiftUIAL;
			productName = SwiftUIAL;
			productReference = 744EEC202A071360009BEF5F /* SwiftUIAL.app */;
			productType = "com.apple.product-type.application";
		};
/* End PBXNativeTarget section */

/* Begin PBXProject section */
		744EEC182A071360009BEF5F /* Project object */ = {
			isa = PBXProject;
			attributes = {
				BuildIndependentTargetsInParallel = 1;
				LastSwiftUpdateCheck = 1430;
				LastUpgradeCheck = 1430;
				TargetAttributes = {
					744EEC1F2A071360009BEF5F = {
						CreatedOnToolsVersion = 14.3;
					};
				};
			};
			buildConfigurationList = 744EEC1B2A071360009BEF5F /* Build configuration list for PBXProject "SwiftUIAL" */;
			compatibilityVersion = "Xcode 14.0";
			developmentRegion = en;
			hasScannedForEncodings = 0;
			knownRegions = (
				en,
				Base,
			);
			mainGroup = 744EEC172A071360009BEF5F;
			productRefGroup = 744EEC212A071360009BEF5F /* Products */;
			projectDirPath = "";
			projectRoot = "";
			targets = (
				744EEC1F2A071360009BEF5F /* SwiftUIAL */,
			);
		};
/* End PBXProject section */

/* Begin PBXResourcesBuildPhase section */
		744EEC1E2A071360009BEF5F /* Resources */ = {
			isa = PBXResourcesBuildPhase;
			buildActionMask = 2147483647;
			files = (
				744EEC2B2A071362009BEF5F /* Preview Assets.xcassets in Resources */,
				744EEC282A071362009BEF5F /* Assets.xcassets in Resources */,
			);
			runOnlyForDeploymentPostprocessing = 0;
		};
/* End PBXResourcesBuildPhase section */

/* Begin PBXSourcesBuildPhase section */
		744EEC1C2A071360009BEF5F /* Sources */ = {
			isa = PBXSourcesBuildPhase;
			buildActionMask = 2147483647;
			files = (
				744EEC382A09342E009BEF5F /* MatchedGeometryEffectBootcamp.swift in Sources */,
				744EEC3A2A09415E009BEF5F /* CustomShapesBootcamp.swift in Sources */,
				744EEC362A084CD9009BEF5F /* AnyTransitionBootcamp.swift in Sources */,
				744EEC322A071563009BEF5F /* ViewModifierBootcamp.swift in Sources */,
				744EEC3E2A09667F009BEF5F /* AnimateableDataBootcamp.swift in Sources */,
				744EEC262A071360009BEF5F /* ContentView.swift in Sources */,
				744EEC3C2A094BA4009BEF5F /* CustomCurvesBootcamp.swift in Sources */,
				745110862A0AC8C1004626AD /* ViewBuilderBootcamp.swift in Sources */,
				7451108B2A0B05C5004626AD /* GeometryPreferenceKeyBootcamp.swift in Sources */,
				744EEC342A071AC3009BEF5F /* ButtonStyleBootcamp.swift in Sources */,
				744EEC602A0AA4A2009BEF5F /* GenericsBootcamp.swift in Sources */,
				744EEC242A071360009BEF5F /* SwiftUIALApp.swift in Sources */,
				745110882A0B01B0004626AD /* PreferenceKeyBootcamp.swift in Sources */,
			);
			runOnlyForDeploymentPostprocessing = 0;
		};
/* End PBXSourcesBuildPhase section */

/* Begin XCBuildConfiguration section */
		744EEC2C2A071362009BEF5F /* Debug */ = {
			isa = XCBuildConfiguration;
			buildSettings = {
				ALWAYS_SEARCH_USER_PATHS = NO;
				CLANG_ANALYZER_NONNULL = YES;
				CLANG_ANALYZER_NUMBER_OBJECT_CONVERSION = YES_AGGRESSIVE;
				CLANG_CXX_LANGUAGE_STANDARD = "gnu++20";
				CLANG_ENABLE_MODULES = YES;
				CLANG_ENABLE_OBJC_ARC = YES;
				CLANG_ENABLE_OBJC_WEAK = YES;
				CLANG_WARN_BLOCK_CAPTURE_AUTORELEASING = YES;
				CLANG_WARN_BOOL_CONVERSION = YES;
				CLANG_WARN_COMMA = YES;
				CLANG_WARN_CONSTANT_CONVERSION = YES;
				CLANG_WARN_DEPRECATED_OBJC_IMPLEMENTATIONS = YES;
				CLANG_WARN_DIRECT_OBJC_ISA_USAGE = YES_ERROR;
				CLANG_WARN_DOCUMENTATION_COMMENTS = YES;
				CLANG_WARN_EMPTY_BODY = YES;
				CLANG_WARN_ENUM_CONVERSION = YES;
				CLANG_WARN_INFINITE_RECURSION = YES;
				CLANG_WARN_INT_CONVERSION = YES;
				CLANG_WARN_NON_LITERAL_NULL_CONVERSION = YES;
				CLANG_WARN_OBJC_IMPLICIT_RETAIN_SELF = YES;
				CLANG_WARN_OBJC_LITERAL_CONVERSION = YES;
				CLANG_WARN_OBJC_ROOT_CLASS = YES_ERROR;
				CLANG_WARN_QUOTED_INCLUDE_IN_FRAMEWORK_HEADER = YES;
				CLANG_WARN_RANGE_LOOP_ANALYSIS = YES;
				CLANG_WARN_STRICT_PROTOTYPES = YES;
				CLANG_WARN_SUSPICIOUS_MOVE = YES;
				CLANG_WARN_UNGUARDED_AVAILABILITY = YES_AGGRESSIVE;
				CLANG_WARN_UNREACHABLE_CODE = YES;
				CLANG_WARN__DUPLICATE_METHOD_MATCH = YES;
				COPY_PHASE_STRIP = NO;
				DEBUG_INFORMATION_FORMAT = dwarf;
				ENABLE_STRICT_OBJC_MSGSEND = YES;
				ENABLE_TESTABILITY = YES;
				GCC_C_LANGUAGE_STANDARD = gnu11;
				GCC_DYNAMIC_NO_PIC = NO;
				GCC_NO_COMMON_BLOCKS = YES;
				GCC_OPTIMIZATION_LEVEL = 0;
				GCC_PREPROCESSOR_DEFINITIONS = (
					"DEBUG=1",
					"$(inherited)",
				);
				GCC_WARN_64_TO_32_BIT_CONVERSION = YES;
				GCC_WARN_ABOUT_RETURN_TYPE = YES_ERROR;
				GCC_WARN_UNDECLARED_SELECTOR = YES;
				GCC_WARN_UNINITIALIZED_AUTOS = YES_AGGRESSIVE;
				GCC_WARN_UNUSED_FUNCTION = YES;
				GCC_WARN_UNUSED_VARIABLE = YES;
				IPHONEOS_DEPLOYMENT_TARGET = 16.4;
				MTL_ENABLE_DEBUG_INFO = INCLUDE_SOURCE;
				MTL_FAST_MATH = YES;
				ONLY_ACTIVE_ARCH = YES;
				SDKROOT = iphoneos;
				SWIFT_ACTIVE_COMPILATION_CONDITIONS = DEBUG;
				SWIFT_OPTIMIZATION_LEVEL = "-Onone";
			};
			name = Debug;
		};
		744EEC2D2A071362009BEF5F /* Release */ = {
			isa = XCBuildConfiguration;
			buildSettings = {
				ALWAYS_SEARCH_USER_PATHS = NO;
				CLANG_ANALYZER_NONNULL = YES;
				CLANG_ANALYZER_NUMBER_OBJECT_CONVERSION = YES_AGGRESSIVE;
				CLANG_CXX_LANGUAGE_STANDARD = "gnu++20";
				CLANG_ENABLE_MODULES = YES;
				CLANG_ENABLE_OBJC_ARC = YES;
				CLANG_ENABLE_OBJC_WEAK = YES;
				CLANG_WARN_BLOCK_CAPTURE_AUTORELEASING = YES;
				CLANG_WARN_BOOL_CONVERSION = YES;
				CLANG_WARN_COMMA = YES;
				CLANG_WARN_CONSTANT_CONVERSION = YES;
				CLANG_WARN_DEPRECATED_OBJC_IMPLEMENTATIONS = YES;
				CLANG_WARN_DIRECT_OBJC_ISA_USAGE = YES_ERROR;
				CLANG_WARN_DOCUMENTATION_COMMENTS = YES;
				CLANG_WARN_EMPTY_BODY = YES;
				CLANG_WARN_ENUM_CONVERSION = YES;
				CLANG_WARN_INFINITE_RECURSION = YES;
				CLANG_WARN_INT_CONVERSION = YES;
				CLANG_WARN_NON_LITERAL_NULL_CONVERSION = YES;
				CLANG_WARN_OBJC_IMPLICIT_RETAIN_SELF = YES;
				CLANG_WARN_OBJC_LITERAL_CONVERSION = YES;
				CLANG_WARN_OBJC_ROOT_CLASS = YES_ERROR;
				CLANG_WARN_QUOTED_INCLUDE_IN_FRAMEWORK_HEADER = YES;
				CLANG_WARN_RANGE_LOOP_ANALYSIS = YES;
				CLANG_WARN_STRICT_PROTOTYPES = YES;
				CLANG_WARN_SUSPICIOUS_MOVE = YES;
				CLANG_WARN_UNGUARDED_AVAILABILITY = YES_AGGRESSIVE;
				CLANG_WARN_UNREACHABLE_CODE = YES;
				CLANG_WARN__DUPLICATE_METHOD_MATCH = YES;
				COPY_PHASE_STRIP = NO;
				DEBUG_INFORMATION_FORMAT = "dwarf-with-dsym";
				ENABLE_NS_ASSERTIONS = NO;
				ENABLE_STRICT_OBJC_MSGSEND = YES;
				GCC_C_LANGUAGE_STANDARD = gnu11;
				GCC_NO_COMMON_BLOCKS = YES;
				GCC_WARN_64_TO_32_BIT_CONVERSION = YES;
				GCC_WARN_ABOUT_RETURN_TYPE = YES_ERROR;
				GCC_WARN_UNDECLARED_SELECTOR = YES;
				GCC_WARN_UNINITIALIZED_AUTOS = YES_AGGRESSIVE;
				GCC_WARN_UNUSED_FUNCTION = YES;
				GCC_WARN_UNUSED_VARIABLE = YES;
				IPHONEOS_DEPLOYMENT_TARGET = 16.4;
				MTL_ENABLE_DEBUG_INFO = NO;
				MTL_FAST_MATH = YES;
				SDKROOT = iphoneos;
				SWIFT_COMPILATION_MODE = wholemodule;
				SWIFT_OPTIMIZATION_LEVEL = "-O";
				VALIDATE_PRODUCT = YES;
			};
			name = Release;
		};
		744EEC2F2A071362009BEF5F /* Debug */ = {
			isa = XCBuildConfiguration;
			buildSettings = {
				ASSETCATALOG_COMPILER_APPICON_NAME = AppIcon;
				ASSETCATALOG_COMPILER_GLOBAL_ACCENT_COLOR_NAME = AccentColor;
				CODE_SIGN_STYLE = Automatic;
				CURRENT_PROJECT_VERSION = 1;
				DEVELOPMENT_ASSET_PATHS = "\"SwiftUIAL/Preview Content\"";
				DEVELOPMENT_TEAM = 4A45YWS7LC;
				ENABLE_PREVIEWS = YES;
				GENERATE_INFOPLIST_FILE = YES;
				INFOPLIST_KEY_UIApplicationSceneManifest_Generation = YES;
				INFOPLIST_KEY_UIApplicationSupportsIndirectInputEvents = YES;
				INFOPLIST_KEY_UILaunchScreen_Generation = YES;
				INFOPLIST_KEY_UISupportedInterfaceOrientations_iPad = "UIInterfaceOrientationPortrait UIInterfaceOrientationPortraitUpsideDown UIInterfaceOrientationLandscapeLeft UIInterfaceOrientationLandscapeRight";
				INFOPLIST_KEY_UISupportedInterfaceOrientations_iPhone = "UIInterfaceOrientationPortrait UIInterfaceOrientationLandscapeLeft UIInterfaceOrientationLandscapeRight";
				LD_RUNPATH_SEARCH_PATHS = (
					"$(inherited)",
					"@executable_path/Frameworks",
				);
				MARKETING_VERSION = 1.0;
				PRODUCT_BUNDLE_IDENTIFIER = com.SwiftUIAL;
				PRODUCT_NAME = "$(TARGET_NAME)";
				SWIFT_EMIT_LOC_STRINGS = YES;
				SWIFT_VERSION = 5.0;
				TARGETED_DEVICE_FAMILY = "1,2";
			};
			name = Debug;
		};
		744EEC302A071362009BEF5F /* Release */ = {
			isa = XCBuildConfiguration;
			buildSettings = {
				ASSETCATALOG_COMPILER_APPICON_NAME = AppIcon;
				ASSETCATALOG_COMPILER_GLOBAL_ACCENT_COLOR_NAME = AccentColor;
				CODE_SIGN_STYLE = Automatic;
				CURRENT_PROJECT_VERSION = 1;
				DEVELOPMENT_ASSET_PATHS = "\"SwiftUIAL/Preview Content\"";
				DEVELOPMENT_TEAM = 4A45YWS7LC;
				ENABLE_PREVIEWS = YES;
				GENERATE_INFOPLIST_FILE = YES;
				INFOPLIST_KEY_UIApplicationSceneManifest_Generation = YES;
				INFOPLIST_KEY_UIApplicationSupportsIndirectInputEvents = YES;
				INFOPLIST_KEY_UILaunchScreen_Generation = YES;
				INFOPLIST_KEY_UISupportedInterfaceOrientations_iPad = "UIInterfaceOrientationPortrait UIInterfaceOrientationPortraitUpsideDown UIInterfaceOrientationLandscapeLeft UIInterfaceOrientationLandscapeRight";
				INFOPLIST_KEY_UISupportedInterfaceOrientations_iPhone = "UIInterfaceOrientationPortrait UIInterfaceOrientationLandscapeLeft UIInterfaceOrientationLandscapeRight";
				LD_RUNPATH_SEARCH_PATHS = (
					"$(inherited)",
					"@executable_path/Frameworks",
				);
				MARKETING_VERSION = 1.0;
				PRODUCT_BUNDLE_IDENTIFIER = com.SwiftUIAL;
				PRODUCT_NAME = "$(TARGET_NAME)";
				SWIFT_EMIT_LOC_STRINGS = YES;
				SWIFT_VERSION = 5.0;
				TARGETED_DEVICE_FAMILY = "1,2";
			};
			name = Release;
		};
/* End XCBuildConfiguration section */

/* Begin XCConfigurationList section */
		744EEC1B2A071360009BEF5F /* Build configuration list for PBXProject "SwiftUIAL" */ = {
			isa = XCConfigurationList;
			buildConfigurations = (
				744EEC2C2A071362009BEF5F /* Debug */,
				744EEC2D2A071362009BEF5F /* Release */,
			);
			defaultConfigurationIsVisible = 0;
			defaultConfigurationName = Release;
		};
		744EEC2E2A071362009BEF5F /* Build configuration list for PBXNativeTarget "SwiftUIAL" */ = {
			isa = XCConfigurationList;
			buildConfigurations = (
				744EEC2F2A071362009BEF5F /* Debug */,
				744EEC302A071362009BEF5F /* Release */,
			);
			defaultConfigurationIsVisible = 0;
			defaultConfigurationName = Release;
		};
/* End XCConfigurationList section */
	};
	rootObject = 744EEC182A071360009BEF5F /* Project object */;
}
